
Microsoft Visual Studio Solution File, Format Version 12.00
# Visual Studio 15
VisualStudioVersion = 15.0.27428.2037
MinimumVisualStudioVersion = 10.0.40219.1
Project("{FAE04EC0-301F-11D3-BF4B-00C04F79EFBC}") = "CityInfo.API", "CityInfo.API\CityInfo.API.csproj", "{7386C6B2-72EA-4D13-A6F5-8D2F16C63E54}"
EndProject
Global
	GlobalSection(SolutionConfigurationPlatforms) = preSolution
		Debug|Any CPU = Debug|Any CPU
		Release|Any CPU = Release|Any CPU
	EndGlobalSection
	GlobalSection(ProjectConfigurationPlatforms) = postSolution
		{7386C6B2-72EA-4D13-A6F5-8D2F16C63E54}.Debug|Any CPU.ActiveCfg = Debug|Any CPU
		{7386C6B2-72EA-4D13-A6F5-8D2F16C63E54}.Debug|Any CPU.Build.0 = Debug|Any CPU
		{7386C6B2-72EA-4D13-A6F5-8D2F16C63E54}.Release|Any CPU.ActiveCfg = Release|Any CPU
		{7386C6B2-72EA-4D13-A6F5-8D2F16C63E54}.Release|Any CPU.Build.0 = Release|Any CPU
	EndGlobalSection
	GlobalSection(SolutionProperties) = preSolution
		HideSolutionNode = FALSE
	EndGlobalSection
	GlobalSection(ExtensibilityGlobals) = postSolution
		SolutionGuid = {02D7DB21-2209-4D55-BCE7-99A69CFA419A}
	EndGlobalSection
EndGlobal
